
Microsoft Visual Studio Solution File, Format Version 12.00
# Visual Studio Version 17
VisualStudioVersion = 17.1.32421.90
MinimumVisualStudioVersion = 10.0.40219.1
Project("{9A19103F-16F7-4668-BE54-9A1E7A4F7556}") = "01. Basic Stack Operations", "01. Basic Stack Operations\01. Basic Stack Operations.csproj", "{6482F901-282C-490F-94B7-0452A47DF12E}"
EndProject
Project("{9A19103F-16F7-4668-BE54-9A1E7A4F7556}") = "02. Basic Queue Operations", "02. Basic Queue Operations\02. Basic Queue Operations.csproj", "{7A2CD2BC-9387-4E92-B18B-A4667326B070}"
EndProject
Project("{9A19103F-16F7-4668-BE54-9A1E7A4F7556}") = "03. Maximum and Minimum Element", "03. Maximum and Minimum Element\03. Maximum and Minimum Element.csproj", "{6FA2F570-8D55-495A-B14F-9BB710429DBA}"
EndProject
Project("{9A19103F-16F7-4668-BE54-9A1E7A4F7556}") = "04. Fast Food", "04. Fast Food\04. Fast Food.csproj", "{83BFD718-A87D-4ECD-8305-1BF81BE47842}"
EndProject
Project("{9A19103F-16F7-4668-BE54-9A1E7A4F7556}") = "05. Fashion Boutique", "05. Fashion Boutique\05. Fashion Boutique.csproj", "{95990119-9A26-43AD-8068-AEB27FC3796B}"
EndProject
Project("{9A19103F-16F7-4668-BE54-9A1E7A4F7556}") = "06. Songs Queue", "06. Songs Queue\06. Songs Queue.csproj", "{7988AE74-65FA-4EC6-991F-22DEF2CD5892}"
EndProject
Project("{9A19103F-16F7-4668-BE54-9A1E7A4F7556}") = "07. Truck Tour", "07. Truck Tour\07. Truck Tour.csproj", "{D9BFE235-3B9B-4C33-8F8C-260AA1C4C2C2}"
EndProject
Project("{9A19103F-16F7-4668-BE54-9A1E7A4F7556}") = "08. Balanced Parenthesis", "08. Balanced Parenthesis\08. Balanced Parenthesis.csproj", "{4733F8E8-3153-4F9B-A01F-6A20D6A7F187}"
EndProject
Project("{9A19103F-16F7-4668-BE54-9A1E7A4F7556}") = "09. Simple Text Editor", "09. Simple Text Editor\09. Simple Text Editor.csproj", "{6BA28AD3-57EE-4DB0-8268-1B5210BF0C48}"
EndProject
Project("{9A19103F-16F7-4668-BE54-9A1E7A4F7556}") = "10. Crossroads", "10. Crossroads\10. Crossroads.csproj", "{7AB22CBD-0B98-4AB8-B9BA-BB72140BF51F}"
EndProject
Project("{FAE04EC0-301F-11D3-BF4B-00C04F79EFBC}") = "11. Key Revolver", "11. Key Revolver\11. Key Revolver.csproj", "{525B8A71-3ED4-4C0F-AA1C-704619CCE908}"
EndProject
Project("{FAE04EC0-301F-11D3-BF4B-00C04F79EFBC}") = "12. Cups and Bottles", "12. Cups and Bottles\12. Cups and Bottles.csproj", "{96368C56-4E39-412B-AFC5-138824083A80}"
EndProject
Global
	GlobalSection(SolutionConfigurationPlatforms) = preSolution
		Debug|Any CPU = Debug|Any CPU
		Release|Any CPU = Release|Any CPU
	EndGlobalSection
	GlobalSection(ProjectConfigurationPlatforms) = postSolution
		{6482F901-282C-490F-94B7-0452A47DF12E}.Debug|Any CPU.ActiveCfg = Debug|Any CPU
		{6482F901-282C-490F-94B7-0452A47DF12E}.Debug|Any CPU.Build.0 = Debug|Any CPU
		{6482F901-282C-490F-94B7-0452A47DF12E}.Release|Any CPU.ActiveCfg = Release|Any CPU
		{6482F901-282C-490F-94B7-0452A47DF12E}.Release|Any CPU.Build.0 = Release|Any CPU
		{7A2CD2BC-9387-4E92-B18B-A4667326B070}.Debug|Any CPU.ActiveCfg = Debug|Any CPU
		{7A2CD2BC-9387-4E92-B18B-A4667326B070}.Debug|Any CPU.Build.0 = Debug|Any CPU
		{7A2CD2BC-9387-4E92-B18B-A4667326B070}.Release|Any CPU.ActiveCfg = Release|Any CPU
		{7A2CD2BC-9387-4E92-B18B-A4667326B070}.Release|Any CPU.Build.0 = Release|Any CPU
		{6FA2F570-8D55-495A-B14F-9BB710429DBA}.Debug|Any CPU.ActiveCfg = Debug|Any CPU
		{6FA2F570-8D55-495A-B14F-9BB710429DBA}.Debug|Any CPU.Build.0 = Debug|Any CPU
		{6FA2F570-8D55-495A-B14F-9BB710429DBA}.Release|Any CPU.ActiveCfg = Release|Any CPU
		{6FA2F570-8D55-495A-B14F-9BB710429DBA}.Release|Any CPU.Build.0 = Release|Any CPU
		{83BFD718-A87D-4ECD-8305-1BF81BE47842}.Debug|Any CPU.ActiveCfg = Debug|Any CPU
		{83BFD718-A87D-4ECD-8305-1BF81BE47842}.Debug|Any CPU.Build.0 = Debug|Any CPU
		{83BFD718-A87D-4ECD-8305-1BF81BE47842}.Release|Any CPU.ActiveCfg = Release|Any CPU
		{83BFD718-A87D-4ECD-8305-1BF81BE47842}.Release|Any CPU.Build.0 = Release|Any CPU
		{95990119-9A26-43AD-8068-AEB27FC3796B}.Debug|Any CPU.ActiveCfg = Debug|Any CPU
		{95990119-9A26-43AD-8068-AEB27FC3796B}.Debug|Any CPU.Build.0 = Debug|Any CPU
		{95990119-9A26-43AD-8068-AEB27FC3796B}.Release|Any CPU.ActiveCfg = Release|Any CPU
		{95990119-9A26-43AD-8068-AEB27FC3796B}.Release|Any CPU.Build.0 = Release|Any CPU
		{7988AE74-65FA-4EC6-991F-22DEF2CD5892}.Debug|Any CPU.ActiveCfg = Debug|Any CPU
		{7988AE74-65FA-4EC6-991F-22DEF2CD5892}.Debug|Any CPU.Build.0 = Debug|Any CPU
		{7988AE74-65FA-4EC6-991F-22DEF2CD5892}.Release|Any CPU.ActiveCfg = Release|Any CPU
		{7988AE74-65FA-4EC6-991F-22DEF2CD5892}.Release|Any CPU.Build.0 = Release|Any CPU
		{D9BFE235-3B9B-4C33-8F8C-260AA1C4C2C2}.Debug|Any CPU.ActiveCfg = Debug|Any CPU
		{D9BFE235-3B9B-4C33-8F8C-260AA1C4C2C2}.Debug|Any CPU.Build.0 = Debug|Any CPU
		{D9BFE235-3B9B-4C33-8F8C-260AA1C4C2C2}.Release|Any CPU.ActiveCfg = Release|Any CPU
		{D9BFE235-3B9B-4C33-8F8C-260AA1C4C2C2}.Release|Any CPU.Build.0 = Release|Any CPU
		{4733F8E8-3153-4F9B-A01F-6A20D6A7F187}.Debug|Any CPU.ActiveCfg = Debug|Any CPU
		{4733F8E8-3153-4F9B-A01F-6A20D6A7F187}.Debug|Any CPU.Build.0 = Debug|Any CPU
		{4733F8E8-3153-4F9B-A01F-6A20D6A7F187}.Release|Any CPU.ActiveCfg = Release|Any CPU
		{4733F8E8-3153-4F9B-A01F-6A20D6A7F187}.Release|Any CPU.Build.0 = Release|Any CPU
		{6BA28AD3-57EE-4DB0-8268-1B5210BF0C48}.Debug|Any CPU.ActiveCfg = Debug|Any CPU
		{6BA28AD3-57EE-4DB0-8268-1B5210BF0C48}.Debug|Any CPU.Build.0 = Debug|Any CPU
		{6BA28AD3-57EE-4DB0-8268-1B5210BF0C48}.Release|Any CPU.ActiveCfg = Release|Any CPU
		{6BA28AD3-57EE-4DB0-8268-1B5210BF0C48}.Release|Any CPU.Build.0 = Release|Any CPU
		{7AB22CBD-0B98-4AB8-B9BA-BB72140BF51F}.Debug|Any CPU.ActiveCfg = Debug|Any CPU
		{7AB22CBD-0B98-4AB8-B9BA-BB72140BF51F}.Debug|Any CPU.Build.0 = Debug|Any CPU
		{7AB22CBD-0B98-4AB8-B9BA-BB72140BF51F}.Release|Any CPU.ActiveCfg = Release|Any CPU
		{7AB22CBD-0B98-4AB8-B9BA-BB72140BF51F}.Release|Any CPU.Build.0 = Release|Any CPU
		{525B8A71-3ED4-4C0F-AA1C-704619CCE908}.Debug|Any CPU.ActiveCfg = Debug|Any CPU
		{525B8A71-3ED4-4C0F-AA1C-704619CCE908}.Debug|Any CPU.Build.0 = Debug|Any CPU
		{525B8A71-3ED4-4C0F-AA1C-704619CCE908}.Release|Any CPU.ActiveCfg = Release|Any CPU
		{525B8A71-3ED4-4C0F-AA1C-704619CCE908}.Release|Any CPU.Build.0 = Release|Any CPU
		{96368C56-4E39-412B-AFC5-138824083A80}.Debug|Any CPU.ActiveCfg = Debug|Any CPU
		{96368C56-4E39-412B-AFC5-138824083A80}.Debug|Any CPU.Build.0 = Debug|Any CPU
		{96368C56-4E39-412B-AFC5-138824083A80}.Release|Any CPU.ActiveCfg = Release|Any CPU
		{96368C56-4E39-412B-AFC5-138824083A80}.Release|Any CPU.Build.0 = Release|Any CPU
	EndGlobalSection
	GlobalSection(SolutionProperties) = preSolution
		HideSolutionNode = FALSE
	EndGlobalSection
	GlobalSection(ExtensibilityGlobals) = postSolution
		SolutionGuid = {26EF8631-1293-405F-AE56-260EC86D6783}
	EndGlobalSection
EndGlobal
