
Microsoft Visual Studio Solution File, Format Version 12.00
# Visual Studio Version 17
VisualStudioVersion = 17.2.32519.379
MinimumVisualStudioVersion = 10.0.40219.1
Project("{FAE04EC0-301F-11D3-BF4B-00C04F79EFBC}") = "BoxOfT", "01. Box\BoxOfT.csproj", "{BE5FAE8E-CCBC-45D1-9183-3EBE83C72537}"
EndProject
Project("{FAE04EC0-301F-11D3-BF4B-00C04F79EFBC}") = "GenericArrayCreator", "02. Array Creator\GenericArrayCreator.csproj", "{EDB40D11-EF5B-49C7-B00B-30E8E1877913}"
EndProject
Project("{FAE04EC0-301F-11D3-BF4B-00C04F79EFBC}") = "GenericScale", "03. Generic Scale\GenericScale.csproj", "{FC607757-EB91-4342-83CA-0C48CBDAE6D5}"
EndProject
Global
	GlobalSection(SolutionConfigurationPlatforms) = preSolution
		Debug|Any CPU = Debug|Any CPU
		Release|Any CPU = Release|Any CPU
	EndGlobalSection
	GlobalSection(ProjectConfigurationPlatforms) = postSolution
		{BE5FAE8E-CCBC-45D1-9183-3EBE83C72537}.Debug|Any CPU.ActiveCfg = Debug|Any CPU
		{BE5FAE8E-CCBC-45D1-9183-3EBE83C72537}.Debug|Any CPU.Build.0 = Debug|Any CPU
		{BE5FAE8E-CCBC-45D1-9183-3EBE83C72537}.Release|Any CPU.ActiveCfg = Release|Any CPU
		{BE5FAE8E-CCBC-45D1-9183-3EBE83C72537}.Release|Any CPU.Build.0 = Release|Any CPU
		{EDB40D11-EF5B-49C7-B00B-30E8E1877913}.Debug|Any CPU.ActiveCfg = Debug|Any CPU
		{EDB40D11-EF5B-49C7-B00B-30E8E1877913}.Debug|Any CPU.Build.0 = Debug|Any CPU
		{EDB40D11-EF5B-49C7-B00B-30E8E1877913}.Release|Any CPU.ActiveCfg = Release|Any CPU
		{EDB40D11-EF5B-49C7-B00B-30E8E1877913}.Release|Any CPU.Build.0 = Release|Any CPU
		{FC607757-EB91-4342-83CA-0C48CBDAE6D5}.Debug|Any CPU.ActiveCfg = Debug|Any CPU
		{FC607757-EB91-4342-83CA-0C48CBDAE6D5}.Debug|Any CPU.Build.0 = Debug|Any CPU
		{FC607757-EB91-4342-83CA-0C48CBDAE6D5}.Release|Any CPU.ActiveCfg = Release|Any CPU
		{FC607757-EB91-4342-83CA-0C48CBDAE6D5}.Release|Any CPU.Build.0 = Release|Any CPU
	EndGlobalSection
	GlobalSection(SolutionProperties) = preSolution
		HideSolutionNode = FALSE
	EndGlobalSection
	GlobalSection(ExtensibilityGlobals) = postSolution
		SolutionGuid = {D9A79014-5DB2-469E-8C89-F2FB2A889824}
	EndGlobalSection
EndGlobal
