
Microsoft Visual Studio Solution File, Format Version 12.00
# Visual Studio Version 17
VisualStudioVersion = 17.2.32616.157
MinimumVisualStudioVersion = 10.0.40219.1
Project("{FAE04EC0-301F-11D3-BF4B-00C04F79EFBC}") = "01. The Fight for Gondor", "01. The Fight for Gondor\01. The Fight for Gondor.csproj", "{52E34617-8FB5-4CCF-B2FA-10F9EB77C7DC}"
EndProject
Global
	GlobalSection(SolutionConfigurationPlatforms) = preSolution
		Debug|Any CPU = Debug|Any CPU
		Release|Any CPU = Release|Any CPU
	EndGlobalSection
	GlobalSection(ProjectConfigurationPlatforms) = postSolution
		{52E34617-8FB5-4CCF-B2FA-10F9EB77C7DC}.Debug|Any CPU.ActiveCfg = Debug|Any CPU
		{52E34617-8FB5-4CCF-B2FA-10F9EB77C7DC}.Debug|Any CPU.Build.0 = Debug|Any CPU
		{52E34617-8FB5-4CCF-B2FA-10F9EB77C7DC}.Release|Any CPU.ActiveCfg = Release|Any CPU
		{52E34617-8FB5-4CCF-B2FA-10F9EB77C7DC}.Release|Any CPU.Build.0 = Release|Any CPU
	EndGlobalSection
	GlobalSection(SolutionProperties) = preSolution
		HideSolutionNode = FALSE
	EndGlobalSection
	GlobalSection(ExtensibilityGlobals) = postSolution
		SolutionGuid = {1D387C4D-FA84-4929-B012-5888048BB3AB}
	EndGlobalSection
EndGlobal
