
Microsoft Visual Studio Solution File, Format Version 12.00
# Visual Studio Version 17
VisualStudioVersion = 17.2.32616.157
MinimumVisualStudioVersion = 10.0.40219.1
Project("{FAE04EC0-301F-11D3-BF4B-00C04F79EFBC}") = "01.Warm Winter", "01.Warm Winter\01.Warm Winter.csproj", "{E3AD7E11-4B65-4A59-88F9-F83ECA073B11}"
EndProject
Project("{FAE04EC0-301F-11D3-BF4B-00C04F79EFBC}") = "02.Super Mario", "02.Super Mario\02.Super Mario.csproj", "{0528C7FC-970F-4C57-9E6D-0155A4E7AF01}"
EndProject
Global
	GlobalSection(SolutionConfigurationPlatforms) = preSolution
		Debug|Any CPU = Debug|Any CPU
		Release|Any CPU = Release|Any CPU
	EndGlobalSection
	GlobalSection(ProjectConfigurationPlatforms) = postSolution
		{E3AD7E11-4B65-4A59-88F9-F83ECA073B11}.Debug|Any CPU.ActiveCfg = Debug|Any CPU
		{E3AD7E11-4B65-4A59-88F9-F83ECA073B11}.Debug|Any CPU.Build.0 = Debug|Any CPU
		{E3AD7E11-4B65-4A59-88F9-F83ECA073B11}.Release|Any CPU.ActiveCfg = Release|Any CPU
		{E3AD7E11-4B65-4A59-88F9-F83ECA073B11}.Release|Any CPU.Build.0 = Release|Any CPU
		{0528C7FC-970F-4C57-9E6D-0155A4E7AF01}.Debug|Any CPU.ActiveCfg = Debug|Any CPU
		{0528C7FC-970F-4C57-9E6D-0155A4E7AF01}.Debug|Any CPU.Build.0 = Debug|Any CPU
		{0528C7FC-970F-4C57-9E6D-0155A4E7AF01}.Release|Any CPU.ActiveCfg = Release|Any CPU
		{0528C7FC-970F-4C57-9E6D-0155A4E7AF01}.Release|Any CPU.Build.0 = Release|Any CPU
	EndGlobalSection
	GlobalSection(SolutionProperties) = preSolution
		HideSolutionNode = FALSE
	EndGlobalSection
	GlobalSection(ExtensibilityGlobals) = postSolution
		SolutionGuid = {E592CDB9-2DFE-407D-9F2A-268BAE79553C}
	EndGlobalSection
EndGlobal
