
Microsoft Visual Studio Solution File, Format Version 12.00
# Visual Studio Version 17
VisualStudioVersion = 17.2.32519.379
MinimumVisualStudioVersion = 10.0.40219.1
Project("{9A19103F-16F7-4668-BE54-9A1E7A4F7556}") = "01. Bakery Shop", "01. Bakery Shop\01. Bakery Shop.csproj", "{F7006FC6-2B66-4E1D-ADAE-03942B01CBFD}"
EndProject
Project("{FAE04EC0-301F-11D3-BF4B-00C04F79EFBC}") = "02. Beaver at Work", "02. Beaver at Work\02. Beaver at Work.csproj", "{60B58303-6888-4F72-9591-8EB7E29FD3DD}"
EndProject
Global
	GlobalSection(SolutionConfigurationPlatforms) = preSolution
		Debug|Any CPU = Debug|Any CPU
		Release|Any CPU = Release|Any CPU
	EndGlobalSection
	GlobalSection(ProjectConfigurationPlatforms) = postSolution
		{F7006FC6-2B66-4E1D-ADAE-03942B01CBFD}.Debug|Any CPU.ActiveCfg = Debug|Any CPU
		{F7006FC6-2B66-4E1D-ADAE-03942B01CBFD}.Debug|Any CPU.Build.0 = Debug|Any CPU
		{F7006FC6-2B66-4E1D-ADAE-03942B01CBFD}.Release|Any CPU.ActiveCfg = Release|Any CPU
		{F7006FC6-2B66-4E1D-ADAE-03942B01CBFD}.Release|Any CPU.Build.0 = Release|Any CPU
		{60B58303-6888-4F72-9591-8EB7E29FD3DD}.Debug|Any CPU.ActiveCfg = Debug|Any CPU
		{60B58303-6888-4F72-9591-8EB7E29FD3DD}.Debug|Any CPU.Build.0 = Debug|Any CPU
		{60B58303-6888-4F72-9591-8EB7E29FD3DD}.Release|Any CPU.ActiveCfg = Release|Any CPU
		{60B58303-6888-4F72-9591-8EB7E29FD3DD}.Release|Any CPU.Build.0 = Release|Any CPU
	EndGlobalSection
	GlobalSection(SolutionProperties) = preSolution
		HideSolutionNode = FALSE
	EndGlobalSection
	GlobalSection(ExtensibilityGlobals) = postSolution
		SolutionGuid = {947E17A5-9B03-47E7-AEB7-773C7DB79C4D}
	EndGlobalSection
EndGlobal
